
Microsoft Visual Studio Solution File, Format Version 12.00
# Visual Studio Version 17
VisualStudioVersion = 17.14.36203.30
MinimumVisualStudioVersion = 10.0.40219.1
Project("{2150E333-8FDC-42A3-9474-1A3956D46DE8}") = "src", "src", "{02EA681E-C7D8-13C7-8484-4AC65E1B71E8}"
EndProject
Project("{2150E333-8FDC-42A3-9474-1A3956D46DE8}") = "external", "external", "{98BFF09B-C3A1-4D73-BDFB-8B36BDD5C65B}"
EndProject
Project("{2150E333-8FDC-42A3-9474-1A3956D46DE8}") = "private", "private", "{729F2F19-13E9-49B1-95B8-BA0D398B0A50}"
EndProject
Project("{FAE04EC0-301F-11D3-BF4B-00C04F79EFBC}") = "KeepImproving.API", "src\external\private\KeepImproving.API\KeepImproving.API.csproj", "{E140C43B-948B-4D71-AAED-4D09803206B6}"
EndProject
Project("{2150E333-8FDC-42A3-9474-1A3956D46DE8}") = "core", "core", "{B2AB7728-9F6F-4A36-B07F-80B27CBA6CBF}"
EndProject
Project("{FAE04EC0-301F-11D3-BF4B-00C04F79EFBC}") = "KeepImproving.Domain", "src\core\KeepImproving.Domain\KeepImproving.Domain.csproj", "{10E7C747-FD40-47C3-B026-B11E96CEDDBE}"
EndProject
Project("{FAE04EC0-301F-11D3-BF4B-00C04F79EFBC}") = "KeepImproving.Application", "src\core\KeepImproving.Application\KeepImproving.Application.csproj", "{EC0990DA-C1E6-4B97-BDAA-51BA68A30EE2}"
EndProject
Project("{FAE04EC0-301F-11D3-BF4B-00C04F79EFBC}") = "KeepImproving.Infra", "KeepImproving.Infra\KeepImproving.Infra.csproj", "{C53736C1-E6E8-4341-B761-7E89E7A0ACF2}"
EndProject
Project("{2150E333-8FDC-42A3-9474-1A3956D46DE8}") = "tests", "tests", "{F1AA3789-618A-4018-A9C9-D3EC709AC492}"
EndProject
Project("{2150E333-8FDC-42A3-9474-1A3956D46DE8}") = "core", "core", "{47AF5B21-EDFA-4B78-AC4F-71ACB51101EC}"
EndProject
Project("{2150E333-8FDC-42A3-9474-1A3956D46DE8}") = "external", "external", "{2BAB5A2F-7198-4849-8E1E-03805B1FD596}"
EndProject
Project("{2150E333-8FDC-42A3-9474-1A3956D46DE8}") = "private", "private", "{255242FD-9768-44B0-9940-FC7B4FF8A292}"
EndProject
Project("{FAE04EC0-301F-11D3-BF4B-00C04F79EFBC}") = "KeepImproving.Domain.Test", "src\tests\core\KeepImproving.Domain.Test\KeepImproving.Domain.Test.csproj", "{9AFADB62-A8A6-40F6-BFF5-76A054EAA9B9}"
EndProject
Project("{FAE04EC0-301F-11D3-BF4B-00C04F79EFBC}") = "KeepImproving.Application.Test", "src\tests\core\KeepImproving.Application.Test\KeepImproving.Application.Test.csproj", "{69B2D351-D55C-4105-88F8-1B92B15DEA1C}"
EndProject
Project("{FAE04EC0-301F-11D3-BF4B-00C04F79EFBC}") = "KeepImproving.Infra.Test", "src\tests\external\KeepImproving.Infra.Test\KeepImproving.Infra.Test.csproj", "{ABDB4D43-305D-4D85-9274-47CDA835DEEF}"
EndProject
Project("{FAE04EC0-301F-11D3-BF4B-00C04F79EFBC}") = "KeepImproving.API.Test", "src\tests\external\private\KeepImproving.API.Test\KeepImproving.API.Test.csproj", "{FCDC33AB-2AC6-425A-92A0-2736EF6C1C65}"
EndProject
Global
	GlobalSection(SolutionConfigurationPlatforms) = preSolution
		Debug|Any CPU = Debug|Any CPU
		Release|Any CPU = Release|Any CPU
	EndGlobalSection
	GlobalSection(ProjectConfigurationPlatforms) = postSolution
		{E140C43B-948B-4D71-AAED-4D09803206B6}.Debug|Any CPU.ActiveCfg = Debug|Any CPU
		{E140C43B-948B-4D71-AAED-4D09803206B6}.Debug|Any CPU.Build.0 = Debug|Any CPU
		{E140C43B-948B-4D71-AAED-4D09803206B6}.Release|Any CPU.ActiveCfg = Release|Any CPU
		{E140C43B-948B-4D71-AAED-4D09803206B6}.Release|Any CPU.Build.0 = Release|Any CPU
		{10E7C747-FD40-47C3-B026-B11E96CEDDBE}.Debug|Any CPU.ActiveCfg = Debug|Any CPU
		{10E7C747-FD40-47C3-B026-B11E96CEDDBE}.Debug|Any CPU.Build.0 = Debug|Any CPU
		{10E7C747-FD40-47C3-B026-B11E96CEDDBE}.Release|Any CPU.ActiveCfg = Release|Any CPU
		{10E7C747-FD40-47C3-B026-B11E96CEDDBE}.Release|Any CPU.Build.0 = Release|Any CPU
		{EC0990DA-C1E6-4B97-BDAA-51BA68A30EE2}.Debug|Any CPU.ActiveCfg = Debug|Any CPU
		{EC0990DA-C1E6-4B97-BDAA-51BA68A30EE2}.Debug|Any CPU.Build.0 = Debug|Any CPU
		{EC0990DA-C1E6-4B97-BDAA-51BA68A30EE2}.Release|Any CPU.ActiveCfg = Release|Any CPU
		{EC0990DA-C1E6-4B97-BDAA-51BA68A30EE2}.Release|Any CPU.Build.0 = Release|Any CPU
		{C53736C1-E6E8-4341-B761-7E89E7A0ACF2}.Debug|Any CPU.ActiveCfg = Debug|Any CPU
		{C53736C1-E6E8-4341-B761-7E89E7A0ACF2}.Debug|Any CPU.Build.0 = Debug|Any CPU
		{C53736C1-E6E8-4341-B761-7E89E7A0ACF2}.Release|Any CPU.ActiveCfg = Release|Any CPU
		{C53736C1-E6E8-4341-B761-7E89E7A0ACF2}.Release|Any CPU.Build.0 = Release|Any CPU
		{9AFADB62-A8A6-40F6-BFF5-76A054EAA9B9}.Debug|Any CPU.ActiveCfg = Debug|Any CPU
		{9AFADB62-A8A6-40F6-BFF5-76A054EAA9B9}.Debug|Any CPU.Build.0 = Debug|Any CPU
		{9AFADB62-A8A6-40F6-BFF5-76A054EAA9B9}.Release|Any CPU.ActiveCfg = Release|Any CPU
		{9AFADB62-A8A6-40F6-BFF5-76A054EAA9B9}.Release|Any CPU.Build.0 = Release|Any CPU
		{69B2D351-D55C-4105-88F8-1B92B15DEA1C}.Debug|Any CPU.ActiveCfg = Debug|Any CPU
		{69B2D351-D55C-4105-88F8-1B92B15DEA1C}.Debug|Any CPU.Build.0 = Debug|Any CPU
		{69B2D351-D55C-4105-88F8-1B92B15DEA1C}.Release|Any CPU.ActiveCfg = Release|Any CPU
		{69B2D351-D55C-4105-88F8-1B92B15DEA1C}.Release|Any CPU.Build.0 = Release|Any CPU
		{ABDB4D43-305D-4D85-9274-47CDA835DEEF}.Debug|Any CPU.ActiveCfg = Debug|Any CPU
		{ABDB4D43-305D-4D85-9274-47CDA835DEEF}.Debug|Any CPU.Build.0 = Debug|Any CPU
		{ABDB4D43-305D-4D85-9274-47CDA835DEEF}.Release|Any CPU.ActiveCfg = Release|Any CPU
		{ABDB4D43-305D-4D85-9274-47CDA835DEEF}.Release|Any CPU.Build.0 = Release|Any CPU
		{FCDC33AB-2AC6-425A-92A0-2736EF6C1C65}.Debug|Any CPU.ActiveCfg = Debug|Any CPU
		{FCDC33AB-2AC6-425A-92A0-2736EF6C1C65}.Debug|Any CPU.Build.0 = Debug|Any CPU
		{FCDC33AB-2AC6-425A-92A0-2736EF6C1C65}.Release|Any CPU.ActiveCfg = Release|Any CPU
		{FCDC33AB-2AC6-425A-92A0-2736EF6C1C65}.Release|Any CPU.Build.0 = Release|Any CPU
	EndGlobalSection
	GlobalSection(SolutionProperties) = preSolution
		HideSolutionNode = FALSE
	EndGlobalSection
	GlobalSection(NestedProjects) = preSolution
		{98BFF09B-C3A1-4D73-BDFB-8B36BDD5C65B} = {02EA681E-C7D8-13C7-8484-4AC65E1B71E8}
		{729F2F19-13E9-49B1-95B8-BA0D398B0A50} = {98BFF09B-C3A1-4D73-BDFB-8B36BDD5C65B}
		{E140C43B-948B-4D71-AAED-4D09803206B6} = {729F2F19-13E9-49B1-95B8-BA0D398B0A50}
		{B2AB7728-9F6F-4A36-B07F-80B27CBA6CBF} = {02EA681E-C7D8-13C7-8484-4AC65E1B71E8}
		{10E7C747-FD40-47C3-B026-B11E96CEDDBE} = {B2AB7728-9F6F-4A36-B07F-80B27CBA6CBF}
		{EC0990DA-C1E6-4B97-BDAA-51BA68A30EE2} = {B2AB7728-9F6F-4A36-B07F-80B27CBA6CBF}
		{C53736C1-E6E8-4341-B761-7E89E7A0ACF2} = {98BFF09B-C3A1-4D73-BDFB-8B36BDD5C65B}
		{F1AA3789-618A-4018-A9C9-D3EC709AC492} = {02EA681E-C7D8-13C7-8484-4AC65E1B71E8}
		{47AF5B21-EDFA-4B78-AC4F-71ACB51101EC} = {F1AA3789-618A-4018-A9C9-D3EC709AC492}
		{2BAB5A2F-7198-4849-8E1E-03805B1FD596} = {F1AA3789-618A-4018-A9C9-D3EC709AC492}
		{255242FD-9768-44B0-9940-FC7B4FF8A292} = {2BAB5A2F-7198-4849-8E1E-03805B1FD596}
		{9AFADB62-A8A6-40F6-BFF5-76A054EAA9B9} = {47AF5B21-EDFA-4B78-AC4F-71ACB51101EC}
		{69B2D351-D55C-4105-88F8-1B92B15DEA1C} = {47AF5B21-EDFA-4B78-AC4F-71ACB51101EC}
		{ABDB4D43-305D-4D85-9274-47CDA835DEEF} = {2BAB5A2F-7198-4849-8E1E-03805B1FD596}
		{FCDC33AB-2AC6-425A-92A0-2736EF6C1C65} = {255242FD-9768-44B0-9940-FC7B4FF8A292}
	EndGlobalSection
	GlobalSection(ExtensibilityGlobals) = postSolution
		SolutionGuid = {B17E925C-CE4F-4364-B0E8-3FDBF71D9C01}
	EndGlobalSection
EndGlobal
